
Microsoft Visual Studio Solution File, Format Version 12.00
<<<<<<< Updated upstream
# Visual Studio Version 17
VisualStudioVersion = 17.12.35527.113 d17.12
=======
# Visual Studio Version 18
VisualStudioVersion = 18.6.11822.322 stable
>>>>>>> Stashed changes
MinimumVisualStudioVersion = 10.0.40219.1
Project("{8BC9CEB8-8B4A-11D0-8D11-00A0C91BC942}") = "EdgeAIVideo", "EdgeAIVideo\EdgeAIVideo.vcxproj", "{510111BA-1105-4F77-9ECD-998789FDA609}"
EndProject
Global
	GlobalSection(SolutionConfigurationPlatforms) = preSolution
		Debug|Any CPU = Debug|Any CPU
		Debug|x64 = Debug|x64
		Debug|x86 = Debug|x86
<<<<<<< Updated upstream
=======
		Release|Any CPU = Release|Any CPU
>>>>>>> Stashed changes
		Release|x64 = Release|x64
		Release|x86 = Release|x86
	EndGlobalSection
	GlobalSection(ProjectConfigurationPlatforms) = postSolution
		{510111BA-1105-4F77-9ECD-998789FDA609}.Debug|Any CPU.ActiveCfg = Debug|x64
		{510111BA-1105-4F77-9ECD-998789FDA609}.Debug|Any CPU.Build.0 = Debug|x64
		{510111BA-1105-4F77-9ECD-998789FDA609}.Debug|x64.ActiveCfg = Debug|x64
		{510111BA-1105-4F77-9ECD-998789FDA609}.Debug|x64.Build.0 = Debug|x64
		{510111BA-1105-4F77-9ECD-998789FDA609}.Debug|x86.ActiveCfg = Debug|Win32
		{510111BA-1105-4F77-9ECD-998789FDA609}.Debug|x86.Build.0 = Debug|Win32
<<<<<<< Updated upstream
=======
		{510111BA-1105-4F77-9ECD-998789FDA609}.Release|Any CPU.ActiveCfg = Release|x64
		{510111BA-1105-4F77-9ECD-998789FDA609}.Release|Any CPU.Build.0 = Release|x64
>>>>>>> Stashed changes
		{510111BA-1105-4F77-9ECD-998789FDA609}.Release|x64.ActiveCfg = Release|x64
		{510111BA-1105-4F77-9ECD-998789FDA609}.Release|x64.Build.0 = Release|x64
		{510111BA-1105-4F77-9ECD-998789FDA609}.Release|x86.ActiveCfg = Release|Win32
		{510111BA-1105-4F77-9ECD-998789FDA609}.Release|x86.Build.0 = Release|Win32
<<<<<<< Updated upstream
=======
		{DA253DFA-4B67-4936-A104-46EFD098BF40}.Debug|Any CPU.ActiveCfg = Debug|Any CPU
		{DA253DFA-4B67-4936-A104-46EFD098BF40}.Debug|Any CPU.Build.0 = Debug|Any CPU
		{DA253DFA-4B67-4936-A104-46EFD098BF40}.Debug|x64.ActiveCfg = Debug|Any CPU
		{DA253DFA-4B67-4936-A104-46EFD098BF40}.Debug|x64.Build.0 = Debug|Any CPU
		{DA253DFA-4B67-4936-A104-46EFD098BF40}.Debug|x86.ActiveCfg = Debug|Any CPU
		{DA253DFA-4B67-4936-A104-46EFD098BF40}.Debug|x86.Build.0 = Debug|Any CPU
		{DA253DFA-4B67-4936-A104-46EFD098BF40}.Release|Any CPU.ActiveCfg = Release|Any CPU
		{DA253DFA-4B67-4936-A104-46EFD098BF40}.Release|Any CPU.Build.0 = Release|Any CPU
		{DA253DFA-4B67-4936-A104-46EFD098BF40}.Release|x64.ActiveCfg = Release|Any CPU
		{DA253DFA-4B67-4936-A104-46EFD098BF40}.Release|x64.Build.0 = Release|Any CPU
		{DA253DFA-4B67-4936-A104-46EFD098BF40}.Release|x86.ActiveCfg = Release|Any CPU
		{DA253DFA-4B67-4936-A104-46EFD098BF40}.Release|x86.Build.0 = Release|Any CPU
>>>>>>> Stashed changes
	EndGlobalSection
	GlobalSection(SolutionProperties) = preSolution
		HideSolutionNode = FALSE
	EndGlobalSection
	GlobalSection(ExtensibilityGlobals) = postSolution
		SolutionGuid = {30CCC53D-6683-45C6-BCED-A612A90AEF20}
	EndGlobalSection
EndGlobal
